
Microsoft Visual Studio Solution File, Format Version 12.00
# Visual Studio 2012
Project("{FAE04EC0-301F-11D3-BF4B-00C04F79EFBC}") = "PickupGames", "PickupGames\PickupGames.csproj", "{0DDE5FFF-27ED-4762-B13E-3638E8247617}"
EndProject
Project("{FAE04EC0-301F-11D3-BF4B-00C04F79EFBC}") = "PickupGames.Tests", "PickupGames.Tests\PickupGames.Tests.csproj", "{8D15C3A8-3C9D-49E1-A265-A2C94084219C}"
EndProject
Global
	GlobalSection(SolutionConfigurationPlatforms) = preSolution
		Debug|Any CPU = Debug|Any CPU
		Release|Any CPU = Release|Any CPU
	EndGlobalSection
	GlobalSection(ProjectConfigurationPlatforms) = postSolution
		{0DDE5FFF-27ED-4762-B13E-3638E8247617}.Debug|Any CPU.ActiveCfg = Debug|Any CPU
		{0DDE5FFF-27ED-4762-B13E-3638E8247617}.Debug|Any CPU.Build.0 = Debug|Any CPU
		{0DDE5FFF-27ED-4762-B13E-3638E8247617}.Release|Any CPU.ActiveCfg = Release|Any CPU
		{0DDE5FFF-27ED-4762-B13E-3638E8247617}.Release|Any CPU.Build.0 = Release|Any CPU
		{8D15C3A8-3C9D-49E1-A265-A2C94084219C}.Debug|Any CPU.ActiveCfg = Debug|Any CPU
		{8D15C3A8-3C9D-49E1-A265-A2C94084219C}.Debug|Any CPU.Build.0 = Debug|Any CPU
		{8D15C3A8-3C9D-49E1-A265-A2C94084219C}.Release|Any CPU.ActiveCfg = Release|Any CPU
		{8D15C3A8-3C9D-49E1-A265-A2C94084219C}.Release|Any CPU.Build.0 = Release|Any CPU
	EndGlobalSection
	GlobalSection(SolutionProperties) = preSolution
		HideSolutionNode = FALSE
	EndGlobalSection
EndGlobal
